// !$*UTF8*$!
{
	archiveVersion = 1;
	classes = {
	};
	objectVersion = 56;
	objects = {

/* Begin PBXBuildFile section */
		C0F6C8612BD342B0008833C0 /* AppDelegate.swift in Sources */ = {isa = PBXBuildFile; fileRef = C0F6C8602BD342B0008833C0 /* AppDelegate.swift */; };
		C0F6C8632BD342B0008833C0 /* SceneDelegate.swift in Sources */ = {isa = PBXBuildFile; fileRef = C0F6C8622BD342B0008833C0 /* SceneDelegate.swift */; };
		C0F6C8652BD342B0008833C0 /* ViewController.swift in Sources */ = {isa = PBXBuildFile; fileRef = C0F6C8642BD342B0008833C0 /* ViewController.swift */; };
		C0F6C8682BD342B0008833C0 /* Base in Resources */ = {isa = PBXBuildFile; fileRef = C0F6C8672BD342B0008833C0 /* Base */; };
		C0F6C86A2BD342B1008833C0 /* Assets.xcassets in Resources */ = {isa = PBXBuildFile; fileRef = C0F6C8692BD342B1008833C0 /* Assets.xcassets */; };
		C0F6C86D2BD342B1008833C0 /* Base in Resources */ = {isa = PBXBuildFile; fileRef = C0F6C86C2BD342B1008833C0 /* Base */; };
		C0F6C8782BD342B1008833C0 /* jyChoiReportTests.swift in Sources */ = {isa = PBXBuildFile; fileRef = C0F6C8772BD342B1008833C0 /* jyChoiReportTests.swift */; };
		C0F6C8822BD342B1008833C0 /* jyChoiReportUITests.swift in Sources */ = {isa = PBXBuildFile; fileRef = C0F6C8812BD342B1008833C0 /* jyChoiReportUITests.swift */; };
		C0F6C8842BD342B1008833C0 /* jyChoiReportUITestsLaunchTests.swift in Sources */ = {isa = PBXBuildFile; fileRef = C0F6C8832BD342B1008833C0 /* jyChoiReportUITestsLaunchTests.swift */; };
/* End PBXBuildFile section */

/* Begin PBXContainerItemProxy section */
		C0F6C8742BD342B1008833C0 /* PBXContainerItemProxy */ = {
			isa = PBXContainerItemProxy;
			containerPortal = C0F6C8552BD342B0008833C0 /* Project object */;
			proxyType = 1;
			remoteGlobalIDString = C0F6C85C2BD342B0008833C0;
			remoteInfo = jyChoiReport;
		};
		C0F6C87E2BD342B1008833C0 /* PBXContainerItemProxy */ = {
			isa = PBXContainerItemProxy;
			containerPortal = C0F6C8552BD342B0008833C0 /* Project object */;
			proxyType = 1;
			remoteGlobalIDString = C0F6C85C2BD342B0008833C0;
			remoteInfo = jyChoiReport;
		};
/* End PBXContainerItemProxy section */

/* Begin PBXFileReference section */
		C0F6C85D2BD342B0008833C0 /* jyChoiReport.app */ = {isa = PBXFileReference; explicitFileType = wrapper.application; includeInIndex = 0; path = jyChoiReport.app; sourceTree = BUILT_PRODUCTS_DIR; };
		C0F6C8602BD342B0008833C0 /* AppDelegate.swift */ = {isa = PBXFileReference; lastKnownFileType = sourcecode.swift; path = AppDelegate.swift; sourceTree = "<group>"; };
		C0F6C8622BD342B0008833C0 /* SceneDelegate.swift */ = {isa = PBXFileReference; lastKnownFileType = sourcecode.swift; path = SceneDelegate.swift; sourceTree = "<group>"; };
		C0F6C8642BD342B0008833C0 /* ViewController.swift */ = {isa = PBXFileReference; lastKnownFileType = sourcecode.swift; path = ViewController.swift; sourceTree = "<group>"; };
		C0F6C8672BD342B0008833C0 /* Base */ = {isa = PBXFileReference; lastKnownFileType = file.storyboard; name = Base; path = Base.lproj/Main.storyboard; sourceTree = "<group>"; };
		C0F6C8692BD342B1008833C0 /* Assets.xcassets */ = {isa = PBXFileReference; lastKnownFileType = folder.assetcatalog; path = Assets.xcassets; sourceTree = "<group>"; };
		C0F6C86C2BD342B1008833C0 /* Base */ = {isa = PBXFileReference; lastKnownFileType = file.storyboard; name = Base; path = Base.lproj/LaunchScreen.storyboard; sourceTree = "<group>"; };
		C0F6C86E2BD342B1008833C0 /* Info.plist */ = {isa = PBXFileReference; lastKnownFileType = text.plist.xml; path = Info.plist; sourceTree = "<group>"; };
		C0F6C8732BD342B1008833C0 /* jyChoiReportTests.xctest */ = {isa = PBXFileReference; explicitFileType = wrapper.cfbundle; includeInIndex = 0; path = jyChoiReportTests.xctest; sourceTree = BUILT_PRODUCTS_DIR; };
		C0F6C8772BD342B1008833C0 /* jyChoiReportTests.swift */ = {isa = PBXFileReference; lastKnownFileType = sourcecode.swift; path = jyChoiReportTests.swift; sourceTree = "<group>"; };
		C0F6C87D2BD342B1008833C0 /* jyChoiReportUITests.xctest */ = {isa = PBXFileReference; explicitFileType = wrapper.cfbundle; includeInIndex = 0; path = jyChoiReportUITests.xctest; sourceTree = BUILT_PRODUCTS_DIR; };
		C0F6C8812BD342B1008833C0 /* jyChoiReportUITests.swift */ = {isa = PBXFileReference; lastKnownFileType = sourcecode.swift; path = jyChoiReportUITests.swift; sourceTree = "<group>"; };
		C0F6C8832BD342B1008833C0 /* jyChoiReportUITestsLaunchTests.swift */ = {isa = PBXFileReference; lastKnownFileType = sourcecode.swift; path = jyChoiReportUITestsLaunchTests.swift; sourceTree = "<group>"; };
/* End PBXFileReference section */

/* Begin PBXFrameworksBuildPhase section */
		C0F6C85A2BD342B0008833C0 /* Frameworks */ = {
			isa = PBXFrameworksBuildPhase;
			buildActionMask = 2147483647;
			files = (
			);
			runOnlyForDeploymentPostprocessing = 0;
		};
		C0F6C8702BD342B1008833C0 /* Frameworks */ = {
			isa = PBXFrameworksBuildPhase;
			buildActionMask = 2147483647;
			files = (
			);
			runOnlyForDeploymentPostprocessing = 0;
		};
		C0F6C87A2BD342B1008833C0 /* Frameworks */ = {
			isa = PBXFrameworksBuildPhase;
			buildActionMask = 2147483647;
			files = (
			);
			runOnlyForDeploymentPostprocessing = 0;
		};
/* End PBXFrameworksBuildPhase section */

/* Begin PBXGroup section */
		C0F6C8542BD342B0008833C0 = {
			isa = PBXGroup;
			children = (
				C0F6C85F2BD342B0008833C0 /* jyChoiReport */,
				C0F6C8762BD342B1008833C0 /* jyChoiReportTests */,
				C0F6C8802BD342B1008833C0 /* jyChoiReportUITests */,
				C0F6C85E2BD342B0008833C0 /* Products */,
			);
			sourceTree = "<group>";
		};
		C0F6C85E2BD342B0008833C0 /* Products */ = {
			isa = PBXGroup;
			children = (
				C0F6C85D2BD342B0008833C0 /* jyChoiReport.app */,
				C0F6C8732BD342B1008833C0 /* jyChoiReportTests.xctest */,
				C0F6C87D2BD342B1008833C0 /* jyChoiReportUITests.xctest */,
			);
			name = Products;
			sourceTree = "<group>";
		};
		C0F6C85F2BD342B0008833C0 /* jyChoiReport */ = {
			isa = PBXGroup;
			children = (
				C0F6C8602BD342B0008833C0 /* AppDelegate.swift */,
				C0F6C8622BD342B0008833C0 /* SceneDelegate.swift */,
				C0F6C8642BD342B0008833C0 /* ViewController.swift */,
				C0F6C8662BD342B0008833C0 /* Main.storyboard */,
				C0F6C8692BD342B1008833C0 /* Assets.xcassets */,
				C0F6C86B2BD342B1008833C0 /* LaunchScreen.storyboard */,
				C0F6C86E2BD342B1008833C0 /* Info.plist */,
			);
			path = jyChoiReport;
			sourceTree = "<group>";
		};
		C0F6C8762BD342B1008833C0 /* jyChoiReportTests */ = {
			isa = PBXGroup;
			children = (
				C0F6C8772BD342B1008833C0 /* jyChoiReportTests.swift */,
			);
			path = jyChoiReportTests;
			sourceTree = "<group>";
		};
		C0F6C8802BD342B1008833C0 /* jyChoiReportUITests */ = {
			isa = PBXGroup;
			children = (
				C0F6C8812BD342B1008833C0 /* jyChoiReportUITests.swift */,
				C0F6C8832BD342B1008833C0 /* jyChoiReportUITestsLaunchTests.swift */,
			);
			path = jyChoiReportUITests;
			sourceTree = "<group>";
		};
/* End PBXGroup section */

/* Begin PBXNativeTarget section */
		C0F6C85C2BD342B0008833C0 /* jyChoiReport */ = {
			isa = PBXNativeTarget;
			buildConfigurationList = C0F6C8872BD342B1008833C0 /* Build configuration list for PBXNativeTarget "jyChoiReport" */;
			buildPhases = (
				C0F6C8592BD342B0008833C0 /* Sources */,
				C0F6C85A2BD342B0008833C0 /* Frameworks */,
				C0F6C85B2BD342B0008833C0 /* Resources */,
			);
			buildRules = (
			);
			dependencies = (
			);
			name = jyChoiReport;
			productName = jyChoiReport;
			productReference = C0F6C85D2BD342B0008833C0 /* jyChoiReport.app */;
			productType = "com.apple.product-type.application";
		};
		C0F6C8722BD342B1008833C0 /* jyChoiReportTests */ = {
			isa = PBXNativeTarget;
			buildConfigurationList = C0F6C88A2BD342B1008833C0 /* Build configuration list for PBXNativeTarget "jyChoiReportTests" */;
			buildPhases = (
				C0F6C86F2BD342B1008833C0 /* Sources */,
				C0F6C8702BD342B1008833C0 /* Frameworks */,
				C0F6C8712BD342B1008833C0 /* Resources */,
			);
			buildRules = (
			);
			dependencies = (
				C0F6C8752BD342B1008833C0 /* PBXTargetDependency */,
			);
			name = jyChoiReportTests;
			productName = jyChoiReportTests;
			productReference = C0F6C8732BD342B1008833C0 /* jyChoiReportTests.xctest */;
			productType = "com.apple.product-type.bundle.unit-test";
		};
		C0F6C87C2BD342B1008833C0 /* jyChoiReportUITests */ = {
			isa = PBXNativeTarget;
			buildConfigurationList = C0F6C88D2BD342B1008833C0 /* Build configuration list for PBXNativeTarget "jyChoiReportUITests" */;
			buildPhases = (
				C0F6C8792BD342B1008833C0 /* Sources */,
				C0F6C87A2BD342B1008833C0 /* Frameworks */,
				C0F6C87B2BD342B1008833C0 /* Resources */,
			);
			buildRules = (
			);
			dependencies = (
				C0F6C87F2BD342B1008833C0 /* PBXTargetDependency */,
			);
			name = jyChoiReportUITests;
			productName = jyChoiReportUITests;
			productReference = C0F6C87D2BD342B1008833C0 /* jyChoiReportUITests.xctest */;
			productType = "com.apple.product-type.bundle.ui-testing";
		};
/* End PBXNativeTarget section */

/* Begin PBXProject section */
		C0F6C8552BD342B0008833C0 /* Project object */ = {
			isa = PBXProject;
			attributes = {
				BuildIndependentTargetsInParallel = 1;
				LastSwiftUpdateCheck = 1530;
				LastUpgradeCheck = 1530;
				TargetAttributes = {
					C0F6C85C2BD342B0008833C0 = {
						CreatedOnToolsVersion = 15.3;
					};
					C0F6C8722BD342B1008833C0 = {
						CreatedOnToolsVersion = 15.3;
						TestTargetID = C0F6C85C2BD342B0008833C0;
					};
					C0F6C87C2BD342B1008833C0 = {
						CreatedOnToolsVersion = 15.3;
						TestTargetID = C0F6C85C2BD342B0008833C0;
					};
				};
			};
			buildConfigurationList = C0F6C8582BD342B0008833C0 /* Build configuration list for PBXProject "jyChoiReport" */;
			compatibilityVersion = "Xcode 14.0";
			developmentRegion = en;
			hasScannedForEncodings = 0;
			knownRegions = (
				en,
				Base,
			);
			mainGroup = C0F6C8542BD342B0008833C0;
			productRefGroup = C0F6C85E2BD342B0008833C0 /* Products */;
			projectDirPath = "";
			projectRoot = "";
			targets = (
				C0F6C85C2BD342B0008833C0 /* jyChoiReport */,
				C0F6C8722BD342B1008833C0 /* jyChoiReportTests */,
				C0F6C87C2BD342B1008833C0 /* jyChoiReportUITests */,
			);
		};
/* End PBXProject section */

/* Begin PBXResourcesBuildPhase section */
		C0F6C85B2BD342B0008833C0 /* Resources */ = {
			isa = PBXResourcesBuildPhase;
			buildActionMask = 2147483647;
			files = (
				C0F6C86A2BD342B1008833C0 /* Assets.xcassets in Resources */,
				C0F6C86D2BD342B1008833C0 /* Base in Resources */,
				C0F6C8682BD342B0008833C0 /* Base in Resources */,
			);
			runOnlyForDeploymentPostprocessing = 0;
		};
		C0F6C8712BD342B1008833C0 /* Resources */ = {
			isa = PBXResourcesBuildPhase;
			buildActionMask = 2147483647;
			files = (
			);
			runOnlyForDeploymentPostprocessing = 0;
		};
		C0F6C87B2BD342B1008833C0 /* Resources */ = {
			isa = PBXResourcesBuildPhase;
			buildActionMask = 2147483647;
			files = (
			);
			runOnlyForDeploymentPostprocessing = 0;
		};
/* End PBXResourcesBuildPhase section */

/* Begin PBXSourcesBuildPhase section */
		C0F6C8592BD342B0008833C0 /* Sources */ = {
			isa = PBXSourcesBuildPhase;
			buildActionMask = 2147483647;
			files = (
				C0F6C8652BD342B0008833C0 /* ViewController.swift in Sources */,
				C0F6C8612BD342B0008833C0 /* AppDelegate.swift in Sources */,
				C0F6C8632BD342B0008833C0 /* SceneDelegate.swift in Sources */,
			);
			runOnlyForDeploymentPostprocessing = 0;
		};
		C0F6C86F2BD342B1008833C0 /* Sources */ = {
			isa = PBXSourcesBuildPhase;
			buildActionMask = 2147483647;
			files = (
				C0F6C8782BD342B1008833C0 /* jyChoiReportTests.swift in Sources */,
			);
			runOnlyForDeploymentPostprocessing = 0;
		};
		C0F6C8792BD342B1008833C0 /* Sources */ = {
			isa = PBXSourcesBuildPhase;
			buildActionMask = 2147483647;
			files = (
				C0F6C8842BD342B1008833C0 /* jyChoiReportUITestsLaunchTests.swift in Sources */,
				C0F6C8822BD342B1008833C0 /* jyChoiReportUITests.swift in Sources */,
			);
			runOnlyForDeploymentPostprocessing = 0;
		};
/* End PBXSourcesBuildPhase section */

/* Begin PBXTargetDependency section */
		C0F6C8752BD342B1008833C0 /* PBXTargetDependency */ = {
			isa = PBXTargetDependency;
			target = C0F6C85C2BD342B0008833C0 /* jyChoiReport */;
			targetProxy = C0F6C8742BD342B1008833C0 /* PBXContainerItemProxy */;
		};
		C0F6C87F2BD342B1008833C0 /* PBXTargetDependency */ = {
			isa = PBXTargetDependency;
			target = C0F6C85C2BD342B0008833C0 /* jyChoiReport */;
			targetProxy = C0F6C87E2BD342B1008833C0 /* PBXContainerItemProxy */;
		};
/* End PBXTargetDependency section */

/* Begin PBXVariantGroup section */
		C0F6C8662BD342B0008833C0 /* Main.storyboard */ = {
			isa = PBXVariantGroup;
			children = (
				C0F6C8672BD342B0008833C0 /* Base */,
			);
			name = Main.storyboard;
			sourceTree = "<group>";
		};
		C0F6C86B2BD342B1008833C0 /* LaunchScreen.storyboard */ = {
			isa = PBXVariantGroup;
			children = (
				C0F6C86C2BD342B1008833C0 /* Base */,
			);
			name = LaunchScreen.storyboard;
			sourceTree = "<group>";
		};
/* End PBXVariantGroup section */

/* Begin XCBuildConfiguration section */
		C0F6C8852BD342B1008833C0 /* Debug */ = {
			isa = XCBuildConfiguration;
			buildSettings = {
				ALWAYS_SEARCH_USER_PATHS = NO;
				ASSETCATALOG_COMPILER_GENERATE_SWIFT_ASSET_SYMBOL_EXTENSIONS = YES;
				CLANG_ANALYZER_NONNULL = YES;
				CLANG_ANALYZER_NUMBER_OBJECT_CONVERSION = YES_AGGRESSIVE;
				CLANG_CXX_LANGUAGE_STANDARD = "gnu++20";
				CLANG_ENABLE_MODULES = YES;
				CLANG_ENABLE_OBJC_ARC = YES;
				CLANG_ENABLE_OBJC_WEAK = YES;
				CLANG_WARN_BLOCK_CAPTURE_AUTORELEASING = YES;
				CLANG_WARN_BOOL_CONVERSION = YES;
				CLANG_WARN_COMMA = YES;
				CLANG_WARN_CONSTANT_CONVERSION = YES;
				CLANG_WARN_DEPRECATED_OBJC_IMPLEMENTATIONS = YES;
				CLANG_WARN_DIRECT_OBJC_ISA_USAGE = YES_ERROR;
				CLANG_WARN_DOCUMENTATION_COMMENTS = YES;
				CLANG_WARN_EMPTY_BODY = YES;
				CLANG_WARN_ENUM_CONVERSION = YES;
				CLANG_WARN_INFINITE_RECURSION = YES;
				CLANG_WARN_INT_CONVERSION = YES;
				CLANG_WARN_NON_LITERAL_NULL_CONVERSION = YES;
				CLANG_WARN_OBJC_IMPLICIT_RETAIN_SELF = YES;
				CLANG_WARN_OBJC_LITERAL_CONVERSION = YES;
				CLANG_WARN_OBJC_ROOT_CLASS = YES_ERROR;
				CLANG_WARN_QUOTED_INCLUDE_IN_FRAMEWORK_HEADER = YES;
				CLANG_WARN_RANGE_LOOP_ANALYSIS = YES;
				CLANG_WARN_STRICT_PROTOTYPES = YES;
				CLANG_WARN_SUSPICIOUS_MOVE = YES;
				CLANG_WARN_UNGUARDED_AVAILABILITY = YES_AGGRESSIVE;
				CLANG_WARN_UNREACHABLE_CODE = YES;
				CLANG_WARN__DUPLICATE_METHOD_MATCH = YES;
				COPY_PHASE_STRIP = NO;
				DEBUG_INFORMATION_FORMAT = dwarf;
				ENABLE_STRICT_OBJC_MSGSEND = YES;
				ENABLE_TESTABILITY = YES;
				ENABLE_USER_SCRIPT_SANDBOXING = YES;
				GCC_C_LANGUAGE_STANDARD = gnu17;
				GCC_DYNAMIC_NO_PIC = NO;
				GCC_NO_COMMON_BLOCKS = YES;
				GCC_OPTIMIZATION_LEVEL = 0;
				GCC_PREPROCESSOR_DEFINITIONS = (
					"DEBUG=1",
					"$(inherited)",
				);
				GCC_WARN_64_TO_32_BIT_CONVERSION = YES;
				GCC_WARN_ABOUT_RETURN_TYPE = YES_ERROR;
				GCC_WARN_UNDECLARED_SELECTOR = YES;
				GCC_WARN_UNINITIALIZED_AUTOS = YES_AGGRESSIVE;
				GCC_WARN_UNUSED_FUNCTION = YES;
				GCC_WARN_UNUSED_VARIABLE = YES;
				IPHONEOS_DEPLOYMENT_TARGET = 17.4;
				LOCALIZATION_PREFERS_STRING_CATALOGS = YES;
				MTL_ENABLE_DEBUG_INFO = INCLUDE_SOURCE;
				MTL_FAST_MATH = YES;
				ONLY_ACTIVE_ARCH = YES;
				SDKROOT = iphoneos;
				SWIFT_ACTIVE_COMPILATION_CONDITIONS = "DEBUG $(inherited)";
				SWIFT_OPTIMIZATION_LEVEL = "-Onone";
			};
			name = Debug;
		};
		C0F6C8862BD342B1008833C0 /* Release */ = {
			isa = XCBuildConfiguration;
			buildSettings = {
				ALWAYS_SEARCH_USER_PATHS = NO;
				ASSETCATALOG_COMPILER_GENERATE_SWIFT_ASSET_SYMBOL_EXTENSIONS = YES;
				CLANG_ANALYZER_NONNULL = YES;
				CLANG_ANALYZER_NUMBER_OBJECT_CONVERSION = YES_AGGRESSIVE;
				CLANG_CXX_LANGUAGE_STANDARD = "gnu++20";
				CLANG_ENABLE_MODULES = YES;
				CLANG_ENABLE_OBJC_ARC = YES;
				CLANG_ENABLE_OBJC_WEAK = YES;
				CLANG_WARN_BLOCK_CAPTURE_AUTORELEASING = YES;
				CLANG_WARN_BOOL_CONVERSION = YES;
				CLANG_WARN_COMMA = YES;
				CLANG_WARN_CONSTANT_CONVERSION = YES;
				CLANG_WARN_DEPRECATED_OBJC_IMPLEMENTATIONS = YES;
				CLANG_WARN_DIRECT_OBJC_ISA_USAGE = YES_ERROR;
				CLANG_WARN_DOCUMENTATION_COMMENTS = YES;
				CLANG_WARN_EMPTY_BODY = YES;
				CLANG_WARN_ENUM_CONVERSION = YES;
				CLANG_WARN_INFINITE_RECURSION = YES;
				CLANG_WARN_INT_CONVERSION = YES;
				CLANG_WARN_NON_LITERAL_NULL_CONVERSION = YES;
				CLANG_WARN_OBJC_IMPLICIT_RETAIN_SELF = YES;
				CLANG_WARN_OBJC_LITERAL_CONVERSION = YES;
				CLANG_WARN_OBJC_ROOT_CLASS = YES_ERROR;
				CLANG_WARN_QUOTED_INCLUDE_IN_FRAMEWORK_HEADER = YES;
				CLANG_WARN_RANGE_LOOP_ANALYSIS = YES;
				CLANG_WARN_STRICT_PROTOTYPES = YES;
				CLANG_WARN_SUSPICIOUS_MOVE = YES;
				CLANG_WARN_UNGUARDED_AVAILABILITY = YES_AGGRESSIVE;
				CLANG_WARN_UNREACHABLE_CODE = YES;
				CLANG_WARN__DUPLICATE_METHOD_MATCH = YES;
				COPY_PHASE_STRIP = NO;
				DEBUG_INFORMATION_FORMAT = "dwarf-with-dsym";
				ENABLE_NS_ASSERTIONS = NO;
				ENABLE_STRICT_OBJC_MSGSEND = YES;
				ENABLE_USER_SCRIPT_SANDBOXING = YES;
				GCC_C_LANGUAGE_STANDARD = gnu17;
				GCC_NO_COMMON_BLOCKS = YES;
				GCC_WARN_64_TO_32_BIT_CONVERSION = YES;
				GCC_WARN_ABOUT_RETURN_TYPE = YES_ERROR;
				GCC_WARN_UNDECLARED_SELECTOR = YES;
				GCC_WARN_UNINITIALIZED_AUTOS = YES_AGGRESSIVE;
				GCC_WARN_UNUSED_FUNCTION = YES;
				GCC_WARN_UNUSED_VARIABLE = YES;
				IPHONEOS_DEPLOYMENT_TARGET = 17.4;
				LOCALIZATION_PREFERS_STRING_CATALOGS = YES;
				MTL_ENABLE_DEBUG_INFO = NO;
				MTL_FAST_MATH = YES;
				SDKROOT = iphoneos;
				SWIFT_COMPILATION_MODE = wholemodule;
				VALIDATE_PRODUCT = YES;
			};
			name = Release;
		};
		C0F6C8882BD342B1008833C0 /* Debug */ = {
			isa = XCBuildConfiguration;
			buildSettings = {
				ASSETCATALOG_COMPILER_APPICON_NAME = AppIcon;
				ASSETCATALOG_COMPILER_GLOBAL_ACCENT_COLOR_NAME = AccentColor;
				CODE_SIGN_STYLE = Automatic;
				CURRENT_PROJECT_VERSION = 1;
				GENERATE_INFOPLIST_FILE = YES;
				INFOPLIST_FILE = jyChoiReport/Info.plist;
				INFOPLIST_KEY_UIApplicationSupportsIndirectInputEvents = YES;
				INFOPLIST_KEY_UILaunchStoryboardName = LaunchScreen;
				INFOPLIST_KEY_UIMainStoryboardFile = Main;
				INFOPLIST_KEY_UISupportedInterfaceOrientations_iPad = "UIInterfaceOrientationPortrait UIInterfaceOrientationPortraitUpsideDown UIInterfaceOrientationLandscapeLeft UIInterfaceOrientationLandscapeRight";
				INFOPLIST_KEY_UISupportedInterfaceOrientations_iPhone = "UIInterfaceOrientationPortrait UIInterfaceOrientationLandscapeLeft UIInterfaceOrientationLandscapeRight";
				LD_RUNPATH_SEARCH_PATHS = (
					"$(inherited)",
					"@executable_path/Frameworks",
				);
				MARKETING_VERSION = 1.0;
				PRODUCT_BUNDLE_IDENTIFIER = com.milliesLibrary.jyChoiReport;
				PRODUCT_NAME = "$(TARGET_NAME)";
				SWIFT_EMIT_LOC_STRINGS = YES;
				SWIFT_VERSION = 5.0;
				TARGETED_DEVICE_FAMILY = "1,2";
			};
			name = Debug;
		};
		C0F6C8892BD342B1008833C0 /* Release */ = {
			isa = XCBuildConfiguration;
			buildSettings = {
				ASSETCATALOG_COMPILER_APPICON_NAME = AppIcon;
				ASSETCATALOG_COMPILER_GLOBAL_ACCENT_COLOR_NAME = AccentColor;
				CODE_SIGN_STYLE = Automatic;
				CURRENT_PROJECT_VERSION = 1;
				GENERATE_INFOPLIST_FILE = YES;
				INFOPLIST_FILE = jyChoiReport/Info.plist;
				INFOPLIST_KEY_UIApplicationSupportsIndirectInputEvents = YES;
				INFOPLIST_KEY_UILaunchStoryboardName = LaunchScreen;
				INFOPLIST_KEY_UIMainStoryboardFile = Main;
				INFOPLIST_KEY_UISupportedInterfaceOrientations_iPad = "UIInterfaceOrientationPortrait UIInterfaceOrientationPortraitUpsideDown UIInterfaceOrientationLandscapeLeft UIInterfaceOrientationLandscapeRight";
				INFOPLIST_KEY_UISupportedInterfaceOrientations_iPhone = "UIInterfaceOrientationPortrait UIInterfaceOrientationLandscapeLeft UIInterfaceOrientationLandscapeRight";
				LD_RUNPATH_SEARCH_PATHS = (
					"$(inherited)",
					"@executable_path/Frameworks",
				);
				MARKETING_VERSION = 1.0;
				PRODUCT_BUNDLE_IDENTIFIER = com.milliesLibrary.jyChoiReport;
				PRODUCT_NAME = "$(TARGET_NAME)";
				SWIFT_EMIT_LOC_STRINGS = YES;
				SWIFT_VERSION = 5.0;
				TARGETED_DEVICE_FAMILY = "1,2";
			};
			name = Release;
		};
		C0F6C88B2BD342B1008833C0 /* Debug */ = {
			isa = XCBuildConfiguration;
			buildSettings = {
				ALWAYS_EMBED_SWIFT_STANDARD_LIBRARIES = YES;
				BUNDLE_LOADER = "$(TEST_HOST)";
				CODE_SIGN_STYLE = Automatic;
				CURRENT_PROJECT_VERSION = 1;
				GENERATE_INFOPLIST_FILE = YES;
				IPHONEOS_DEPLOYMENT_TARGET = 17.4;
				MARKETING_VERSION = 1.0;
				PRODUCT_BUNDLE_IDENTIFIER = com.milliesLibrary.jyChoiReportTests;
				PRODUCT_NAME = "$(TARGET_NAME)";
				SWIFT_EMIT_LOC_STRINGS = NO;
				SWIFT_VERSION = 5.0;
				TARGETED_DEVICE_FAMILY = "1,2";
				TEST_HOST = "$(BUILT_PRODUCTS_DIR)/jyChoiReport.app/$(BUNDLE_EXECUTABLE_FOLDER_PATH)/jyChoiReport";
			};
			name = Debug;
		};
		C0F6C88C2BD342B1008833C0 /* Release */ = {
			isa = XCBuildConfiguration;
			buildSettings = {
				ALWAYS_EMBED_SWIFT_STANDARD_LIBRARIES = YES;
				BUNDLE_LOADER = "$(TEST_HOST)";
				CODE_SIGN_STYLE = Automatic;
				CURRENT_PROJECT_VERSION = 1;
				GENERATE_INFOPLIST_FILE = YES;
				IPHONEOS_DEPLOYMENT_TARGET = 17.4;
				MARKETING_VERSION = 1.0;
				PRODUCT_BUNDLE_IDENTIFIER = com.milliesLibrary.jyChoiReportTests;
				PRODUCT_NAME = "$(TARGET_NAME)";
				SWIFT_EMIT_LOC_STRINGS = NO;
				SWIFT_VERSION = 5.0;
				TARGETED_DEVICE_FAMILY = "1,2";
				TEST_HOST = "$(BUILT_PRODUCTS_DIR)/jyChoiReport.app/$(BUNDLE_EXECUTABLE_FOLDER_PATH)/jyChoiReport";
			};
			name = Release;
		};
		C0F6C88E2BD342B1008833C0 /* Debug */ = {
			isa = XCBuildConfiguration;
			buildSettings = {
				ALWAYS_EMBED_SWIFT_STANDARD_LIBRARIES = YES;
				CODE_SIGN_STYLE = Automatic;
				CURRENT_PROJECT_VERSION = 1;
				GENERATE_INFOPLIST_FILE = YES;
				MARKETING_VERSION = 1.0;
				PRODUCT_BUNDLE_IDENTIFIER = com.milliesLibrary.jyChoiReportUITests;
				PRODUCT_NAME = "$(TARGET_NAME)";
				SWIFT_EMIT_LOC_STRINGS = NO;
				SWIFT_VERSION = 5.0;
				TARGETED_DEVICE_FAMILY = "1,2";
				TEST_TARGET_NAME = jyChoiReport;
			};
			name = Debug;
		};
		C0F6C88F2BD342B1008833C0 /* Release */ = {
			isa = XCBuildConfiguration;
			buildSettings = {
				ALWAYS_EMBED_SWIFT_STANDARD_LIBRARIES = YES;
				CODE_SIGN_STYLE = Automatic;
				CURRENT_PROJECT_VERSION = 1;
				GENERATE_INFOPLIST_FILE = YES;
				MARKETING_VERSION = 1.0;
				PRODUCT_BUNDLE_IDENTIFIER = com.milliesLibrary.jyChoiReportUITests;
				PRODUCT_NAME = "$(TARGET_NAME)";
				SWIFT_EMIT_LOC_STRINGS = NO;
				SWIFT_VERSION = 5.0;
				TARGETED_DEVICE_FAMILY = "1,2";
				TEST_TARGET_NAME = jyChoiReport;
			};
			name = Release;
		};
/* End XCBuildConfiguration section */

/* Begin XCConfigurationList section */
		C0F6C8582BD342B0008833C0 /* Build configuration list for PBXProject "jyChoiReport" */ = {
			isa = XCConfigurationList;
			buildConfigurations = (
				C0F6C8852BD342B1008833C0 /* Debug */,
				C0F6C8862BD342B1008833C0 /* Release */,
			);
			defaultConfigurationIsVisible = 0;
			defaultConfigurationName = Release;
		};
		C0F6C8872BD342B1008833C0 /* Build configuration list for PBXNativeTarget "jyChoiReport" */ = {
			isa = XCConfigurationList;
			buildConfigurations = (
				C0F6C8882BD342B1008833C0 /* Debug */,
				C0F6C8892BD342B1008833C0 /* Release */,
			);
			defaultConfigurationIsVisible = 0;
			defaultConfigurationName = Release;
		};
		C0F6C88A2BD342B1008833C0 /* Build configuration list for PBXNativeTarget "jyChoiReportTests" */ = {
			isa = XCConfigurationList;
			buildConfigurations = (
				C0F6C88B2BD342B1008833C0 /* Debug */,
				C0F6C88C2BD342B1008833C0 /* Release */,
			);
			defaultConfigurationIsVisible = 0;
			defaultConfigurationName = Release;
		};
		C0F6C88D2BD342B1008833C0 /* Build configuration list for PBXNativeTarget "jyChoiReportUITests" */ = {
			isa = XCConfigurationList;
			buildConfigurations = (
				C0F6C88E2BD342B1008833C0 /* Debug */,
				C0F6C88F2BD342B1008833C0 /* Release */,
			);
			defaultConfigurationIsVisible = 0;
			defaultConfigurationName = Release;
		};
/* End XCConfigurationList section */
	};
	rootObject = C0F6C8552BD342B0008833C0 /* Project object */;
}
