// !$*UTF8*$!
{
	archiveVersion = 1;
	classes = {
	};
	objectVersion = 56;
	objects = {

/* Begin PBXBuildFile section */
		C01F37A92BD53110002C5B5D /* MyLibrary in Frameworks */ = {isa = PBXBuildFile; productRef = C01F37A82BD53110002C5B5D /* MyLibrary */; };
		C06916372BD3AAA8009C16F8 /* ArticleElementCell.swift in Sources */ = {isa = PBXBuildFile; fileRef = C06916362BD3AAA8009C16F8 /* ArticleElementCell.swift */; };
		C069163A2BD3AC00009C16F8 /* UIImageViewExtension.swift in Sources */ = {isa = PBXBuildFile; fileRef = C06916392BD3AC00009C16F8 /* UIImageViewExtension.swift */; };
		C06916432BD47BE4009C16F8 /* MoveApp+CoreDataClass.swift in Sources */ = {isa = PBXBuildFile; fileRef = C06916412BD47BE4009C16F8 /* MoveApp+CoreDataClass.swift */; };
		C06916442BD47BE4009C16F8 /* MoveApp+CoreDataProperties.swift in Sources */ = {isa = PBXBuildFile; fileRef = C06916422BD47BE4009C16F8 /* MoveApp+CoreDataProperties.swift */; };
		C06916492BD483F6009C16F8 /* ColumnFlowLayout.swift in Sources */ = {isa = PBXBuildFile; fileRef = C06916482BD483F6009C16F8 /* ColumnFlowLayout.swift */; };
		C069164B2BD494EB009C16F8 /* CustomWKWebView.swift in Sources */ = {isa = PBXBuildFile; fileRef = C069164A2BD494EB009C16F8 /* CustomWKWebView.swift */; };
		C06916542BD4E77E009C16F8 /* DetailNewsViewController.m in Sources */ = {isa = PBXBuildFile; fileRef = C06916532BD4E77E009C16F8 /* DetailNewsViewController.m */; };
		C06916572BD51695009C16F8 /* _DetailNewsViewController.swift in Sources */ = {isa = PBXBuildFile; fileRef = C06916562BD51695009C16F8 /* _DetailNewsViewController.swift */; };
		C08CB2672BD393060080F0C5 /* NewsApiUrls.swift in Sources */ = {isa = PBXBuildFile; fileRef = C08CB2662BD393060080F0C5 /* NewsApiUrls.swift */; };
		C08CB26A2BD396730080F0C5 /* NewsModel.swift in Sources */ = {isa = PBXBuildFile; fileRef = C08CB2692BD396730080F0C5 /* NewsModel.swift */; };
		C08CB26F2BD396A30080F0C5 /* NewsViewModel.swift in Sources */ = {isa = PBXBuildFile; fileRef = C08CB26E2BD396A30080F0C5 /* NewsViewModel.swift */; };
		C0AACC662BF3A21E00CB9BA0 /* AppLocalData.xcdatamodeld in Sources */ = {isa = PBXBuildFile; fileRef = C0AACC642BF3A21E00CB9BA0 /* AppLocalData.xcdatamodeld */; };
		C0F6C8612BD342B0008833C0 /* AppDelegate.swift in Sources */ = {isa = PBXBuildFile; fileRef = C0F6C8602BD342B0008833C0 /* AppDelegate.swift */; };
		C0F6C8632BD342B0008833C0 /* SceneDelegate.swift in Sources */ = {isa = PBXBuildFile; fileRef = C0F6C8622BD342B0008833C0 /* SceneDelegate.swift */; };
		C0F6C8652BD342B0008833C0 /* ViewController.swift in Sources */ = {isa = PBXBuildFile; fileRef = C0F6C8642BD342B0008833C0 /* ViewController.swift */; };
		C0F6C8682BD342B0008833C0 /* Base in Resources */ = {isa = PBXBuildFile; fileRef = C0F6C8672BD342B0008833C0 /* Base */; };
		C0F6C86A2BD342B1008833C0 /* Assets.xcassets in Resources */ = {isa = PBXBuildFile; fileRef = C0F6C8692BD342B1008833C0 /* Assets.xcassets */; };
		C0F6C86D2BD342B1008833C0 /* Base in Resources */ = {isa = PBXBuildFile; fileRef = C0F6C86C2BD342B1008833C0 /* Base */; };
		C0F6C8782BD342B1008833C0 /* jyChoiReportTests.swift in Sources */ = {isa = PBXBuildFile; fileRef = C0F6C8772BD342B1008833C0 /* jyChoiReportTests.swift */; };
		C0F6C8822BD342B1008833C0 /* jyChoiReportUITests.swift in Sources */ = {isa = PBXBuildFile; fileRef = C0F6C8812BD342B1008833C0 /* jyChoiReportUITests.swift */; };
		C0F6C8842BD342B1008833C0 /* jyChoiReportUITestsLaunchTests.swift in Sources */ = {isa = PBXBuildFile; fileRef = C0F6C8832BD342B1008833C0 /* jyChoiReportUITestsLaunchTests.swift */; };
		C0F6C8962BD34685008833C0 /* RxCocoa in Frameworks */ = {isa = PBXBuildFile; productRef = C0F6C8952BD34685008833C0 /* RxCocoa */; };
		C0F6C8982BD34685008833C0 /* RxSwift in Frameworks */ = {isa = PBXBuildFile; productRef = C0F6C8972BD34685008833C0 /* RxSwift */; };
		C0F6C89A2BD34685008833C0 /* Alamofire in Frameworks */ = {isa = PBXBuildFile; productRef = C0F6C8992BD34685008833C0 /* Alamofire */; };
		C0F6C89C2BD34685008833C0 /* SnapKit in Frameworks */ = {isa = PBXBuildFile; productRef = C0F6C89B2BD34685008833C0 /* SnapKit */; };
		C0F6C89F2BD34AAC008833C0 /* APIClient.swift in Sources */ = {isa = PBXBuildFile; fileRef = C0F6C89E2BD34AAC008833C0 /* APIClient.swift */; };
		C0F6C8A22BD34E54008833C0 /* CommonConstValue.swift in Sources */ = {isa = PBXBuildFile; fileRef = C0F6C8A12BD34E54008833C0 /* CommonConstValue.swift */; };
		C0F6C8A52BD34F0B008833C0 /* ApiConstants.swift in Sources */ = {isa = PBXBuildFile; fileRef = C0F6C8A42BD34F0B008833C0 /* ApiConstants.swift */; };
		C0F6C8A72BD350B8008833C0 /* NewsAPI.swift in Sources */ = {isa = PBXBuildFile; fileRef = C0F6C8A62BD350B8008833C0 /* NewsAPI.swift */; };
		C0F6C8A92BD3517D008833C0 /* CommonParam.swift in Sources */ = {isa = PBXBuildFile; fileRef = C0F6C8A82BD3517D008833C0 /* CommonParam.swift */; };
/* End PBXBuildFile section */

/* Begin PBXContainerItemProxy section */
		C0F6C8742BD342B1008833C0 /* PBXContainerItemProxy */ = {
			isa = PBXContainerItemProxy;
			containerPortal = C0F6C8552BD342B0008833C0 /* Project object */;
			proxyType = 1;
			remoteGlobalIDString = C0F6C85C2BD342B0008833C0;
			remoteInfo = jyChoiReport;
		};
		C0F6C87E2BD342B1008833C0 /* PBXContainerItemProxy */ = {
			isa = PBXContainerItemProxy;
			containerPortal = C0F6C8552BD342B0008833C0 /* Project object */;
			proxyType = 1;
			remoteGlobalIDString = C0F6C85C2BD342B0008833C0;
			remoteInfo = jyChoiReport;
		};
/* End PBXContainerItemProxy section */

/* Begin PBXFileReference section */
		C06916362BD3AAA8009C16F8 /* ArticleElementCell.swift */ = {isa = PBXFileReference; lastKnownFileType = sourcecode.swift; path = ArticleElementCell.swift; sourceTree = "<group>"; };
		C06916392BD3AC00009C16F8 /* UIImageViewExtension.swift */ = {isa = PBXFileReference; lastKnownFileType = sourcecode.swift; path = UIImageViewExtension.swift; sourceTree = "<group>"; };
		C06916412BD47BE4009C16F8 /* MoveApp+CoreDataClass.swift */ = {isa = PBXFileReference; lastKnownFileType = sourcecode.swift; path = "MoveApp+CoreDataClass.swift"; sourceTree = "<group>"; };
		C06916422BD47BE4009C16F8 /* MoveApp+CoreDataProperties.swift */ = {isa = PBXFileReference; lastKnownFileType = sourcecode.swift; path = "MoveApp+CoreDataProperties.swift"; sourceTree = "<group>"; };
		C06916482BD483F6009C16F8 /* ColumnFlowLayout.swift */ = {isa = PBXFileReference; lastKnownFileType = sourcecode.swift; path = ColumnFlowLayout.swift; sourceTree = "<group>"; };
		C069164A2BD494EB009C16F8 /* CustomWKWebView.swift */ = {isa = PBXFileReference; lastKnownFileType = sourcecode.swift; path = CustomWKWebView.swift; sourceTree = "<group>"; };
		C06916512BD4E77E009C16F8 /* jyChoiReport-Bridging-Header.h */ = {isa = PBXFileReference; lastKnownFileType = sourcecode.c.h; path = "jyChoiReport-Bridging-Header.h"; sourceTree = "<group>"; };
		C06916522BD4E77E009C16F8 /* DetailNewsViewController.h */ = {isa = PBXFileReference; lastKnownFileType = sourcecode.c.h; path = DetailNewsViewController.h; sourceTree = "<group>"; };
		C06916532BD4E77E009C16F8 /* DetailNewsViewController.m */ = {isa = PBXFileReference; lastKnownFileType = sourcecode.c.objc; path = DetailNewsViewController.m; sourceTree = "<group>"; };
		C06916562BD51695009C16F8 /* _DetailNewsViewController.swift */ = {isa = PBXFileReference; fileEncoding = 4; lastKnownFileType = sourcecode.swift; path = _DetailNewsViewController.swift; sourceTree = "<group>"; };
		C08CB2662BD393060080F0C5 /* NewsApiUrls.swift */ = {isa = PBXFileReference; lastKnownFileType = sourcecode.swift; path = NewsApiUrls.swift; sourceTree = "<group>"; };
		C08CB2692BD396730080F0C5 /* NewsModel.swift */ = {isa = PBXFileReference; lastKnownFileType = sourcecode.swift; path = NewsModel.swift; sourceTree = "<group>"; };
		C08CB26E2BD396A30080F0C5 /* NewsViewModel.swift */ = {isa = PBXFileReference; lastKnownFileType = sourcecode.swift; path = NewsViewModel.swift; sourceTree = "<group>"; };
		C0AACC652BF3A21E00CB9BA0 /* AppLocalData.xcdatamodel */ = {isa = PBXFileReference; lastKnownFileType = wrapper.xcdatamodel; path = AppLocalData.xcdatamodel; sourceTree = "<group>"; };
		C0F6C85D2BD342B0008833C0 /* jyChoiReport.app */ = {isa = PBXFileReference; explicitFileType = wrapper.application; includeInIndex = 0; path = jyChoiReport.app; sourceTree = BUILT_PRODUCTS_DIR; };
		C0F6C8602BD342B0008833C0 /* AppDelegate.swift */ = {isa = PBXFileReference; lastKnownFileType = sourcecode.swift; path = AppDelegate.swift; sourceTree = "<group>"; };
		C0F6C8622BD342B0008833C0 /* SceneDelegate.swift */ = {isa = PBXFileReference; lastKnownFileType = sourcecode.swift; path = SceneDelegate.swift; sourceTree = "<group>"; };
		C0F6C8642BD342B0008833C0 /* ViewController.swift */ = {isa = PBXFileReference; lastKnownFileType = sourcecode.swift; path = ViewController.swift; sourceTree = "<group>"; };
		C0F6C8672BD342B0008833C0 /* Base */ = {isa = PBXFileReference; lastKnownFileType = file.storyboard; name = Base; path = Base.lproj/Main.storyboard; sourceTree = "<group>"; };
		C0F6C8692BD342B1008833C0 /* Assets.xcassets */ = {isa = PBXFileReference; lastKnownFileType = folder.assetcatalog; path = Assets.xcassets; sourceTree = "<group>"; };
		C0F6C86C2BD342B1008833C0 /* Base */ = {isa = PBXFileReference; lastKnownFileType = file.storyboard; name = Base; path = Base.lproj/LaunchScreen.storyboard; sourceTree = "<group>"; };
		C0F6C86E2BD342B1008833C0 /* Info.plist */ = {isa = PBXFileReference; lastKnownFileType = text.plist.xml; path = Info.plist; sourceTree = "<group>"; };
		C0F6C8732BD342B1008833C0 /* jyChoiReportTests.xctest */ = {isa = PBXFileReference; explicitFileType = wrapper.cfbundle; includeInIndex = 0; path = jyChoiReportTests.xctest; sourceTree = BUILT_PRODUCTS_DIR; };
		C0F6C8772BD342B1008833C0 /* jyChoiReportTests.swift */ = {isa = PBXFileReference; lastKnownFileType = sourcecode.swift; path = jyChoiReportTests.swift; sourceTree = "<group>"; };
		C0F6C87D2BD342B1008833C0 /* jyChoiReportUITests.xctest */ = {isa = PBXFileReference; explicitFileType = wrapper.cfbundle; includeInIndex = 0; path = jyChoiReportUITests.xctest; sourceTree = BUILT_PRODUCTS_DIR; };
		C0F6C8812BD342B1008833C0 /* jyChoiReportUITests.swift */ = {isa = PBXFileReference; lastKnownFileType = sourcecode.swift; path = jyChoiReportUITests.swift; sourceTree = "<group>"; };
		C0F6C8832BD342B1008833C0 /* jyChoiReportUITestsLaunchTests.swift */ = {isa = PBXFileReference; lastKnownFileType = sourcecode.swift; path = jyChoiReportUITestsLaunchTests.swift; sourceTree = "<group>"; };
		C0F6C8902BD3431A008833C0 /* README.md */ = {isa = PBXFileReference; lastKnownFileType = net.daringfireball.markdown; path = README.md; sourceTree = "<group>"; };
		C0F6C89E2BD34AAC008833C0 /* APIClient.swift */ = {isa = PBXFileReference; lastKnownFileType = sourcecode.swift; path = APIClient.swift; sourceTree = "<group>"; };
		C0F6C8A12BD34E54008833C0 /* CommonConstValue.swift */ = {isa = PBXFileReference; lastKnownFileType = sourcecode.swift; path = CommonConstValue.swift; sourceTree = "<group>"; };
		C0F6C8A42BD34F0B008833C0 /* ApiConstants.swift */ = {isa = PBXFileReference; lastKnownFileType = sourcecode.swift; path = ApiConstants.swift; sourceTree = "<group>"; };
		C0F6C8A62BD350B8008833C0 /* NewsAPI.swift */ = {isa = PBXFileReference; lastKnownFileType = sourcecode.swift; path = NewsAPI.swift; sourceTree = "<group>"; };
		C0F6C8A82BD3517D008833C0 /* CommonParam.swift */ = {isa = PBXFileReference; lastKnownFileType = sourcecode.swift; path = CommonParam.swift; sourceTree = "<group>"; };
/* End PBXFileReference section */

/* Begin PBXFrameworksBuildPhase section */
		C0F6C85A2BD342B0008833C0 /* Frameworks */ = {
			isa = PBXFrameworksBuildPhase;
			buildActionMask = 2147483647;
			files = (
				C0F6C89A2BD34685008833C0 /* Alamofire in Frameworks */,
				C0F6C89C2BD34685008833C0 /* SnapKit in Frameworks */,
				C0F6C8982BD34685008833C0 /* RxSwift in Frameworks */,
				C0F6C8962BD34685008833C0 /* RxCocoa in Frameworks */,
				C01F37A92BD53110002C5B5D /* MyLibrary in Frameworks */,
			);
			runOnlyForDeploymentPostprocessing = 0;
		};
		C0F6C8702BD342B1008833C0 /* Frameworks */ = {
			isa = PBXFrameworksBuildPhase;
			buildActionMask = 2147483647;
			files = (
			);
			runOnlyForDeploymentPostprocessing = 0;
		};
		C0F6C87A2BD342B1008833C0 /* Frameworks */ = {
			isa = PBXFrameworksBuildPhase;
			buildActionMask = 2147483647;
			files = (
			);
			runOnlyForDeploymentPostprocessing = 0;
		};
/* End PBXFrameworksBuildPhase section */

/* Begin PBXGroup section */
		C06916352BD3AA82009C16F8 /* SubViews */ = {
			isa = PBXGroup;
			children = (
				C06916362BD3AAA8009C16F8 /* ArticleElementCell.swift */,
			);
			path = SubViews;
			sourceTree = "<group>";
		};
		C06916382BD3ABEF009C16F8 /* UIKitExtension */ = {
			isa = PBXGroup;
			children = (
				C06916392BD3AC00009C16F8 /* UIImageViewExtension.swift */,
			);
			path = UIKitExtension;
			sourceTree = "<group>";
		};
		C06916452BD47FA4009C16F8 /* Storyboard */ = {
			isa = PBXGroup;
			children = (
				C0F6C8662BD342B0008833C0 /* Main.storyboard */,
				C0F6C86B2BD342B1008833C0 /* LaunchScreen.storyboard */,
			);
			path = Storyboard;
			sourceTree = "<group>";
		};
		C06916462BD47FB0009C16F8 /* ImageAssets */ = {
			isa = PBXGroup;
			children = (
				C0F6C8692BD342B1008833C0 /* Assets.xcassets */,
			);
			path = ImageAssets;
			sourceTree = "<group>";
		};
		C06916472BD483E4009C16F8 /* UIKitLib */ = {
			isa = PBXGroup;
			children = (
				C06916482BD483F6009C16F8 /* ColumnFlowLayout.swift */,
				C069164A2BD494EB009C16F8 /* CustomWKWebView.swift */,
			);
			path = UIKitLib;
			sourceTree = "<group>";
		};
		C069164C2BD499C2009C16F8 /* DetailNews */ = {
			isa = PBXGroup;
			children = (
				C06916562BD51695009C16F8 /* _DetailNewsViewController.swift */,
				C06916522BD4E77E009C16F8 /* DetailNewsViewController.h */,
				C06916532BD4E77E009C16F8 /* DetailNewsViewController.m */,
				C06916512BD4E77E009C16F8 /* jyChoiReport-Bridging-Header.h */,
			);
			path = DetailNews;
			sourceTree = "<group>";
		};
		C08CB2682BD396660080F0C5 /* Models */ = {
			isa = PBXGroup;
			children = (
				C0AACC642BF3A21E00CB9BA0 /* AppLocalData.xcdatamodeld */,
				C06916412BD47BE4009C16F8 /* MoveApp+CoreDataClass.swift */,
				C06916422BD47BE4009C16F8 /* MoveApp+CoreDataProperties.swift */,
				C08CB2692BD396730080F0C5 /* NewsModel.swift */,
			);
			path = Models;
			sourceTree = "<group>";
		};
		C08CB26B2BD396800080F0C5 /* ViewModels */ = {
			isa = PBXGroup;
			children = (
				C08CB26E2BD396A30080F0C5 /* NewsViewModel.swift */,
			);
			path = ViewModels;
			sourceTree = "<group>";
		};
		C08CB2702BD3A0B30080F0C5 /* Resource */ = {
			isa = PBXGroup;
			children = (
				C06916462BD47FB0009C16F8 /* ImageAssets */,
				C06916452BD47FA4009C16F8 /* Storyboard */,
			);
			path = Resource;
			sourceTree = "<group>";
		};
		C08CB2712BD3A3BD0080F0C5 /* Scens */ = {
			isa = PBXGroup;
			children = (
				C069164C2BD499C2009C16F8 /* DetailNews */,
				C08CB2722BD3A3D10080F0C5 /* Main */,
			);
			path = Scens;
			sourceTree = "<group>";
		};
		C08CB2722BD3A3D10080F0C5 /* Main */ = {
			isa = PBXGroup;
			children = (
				C06916352BD3AA82009C16F8 /* SubViews */,
				C0F6C8642BD342B0008833C0 /* ViewController.swift */,
			);
			path = Main;
			sourceTree = "<group>";
		};
		C0F6C8542BD342B0008833C0 = {
			isa = PBXGroup;
			children = (
				C0F6C8902BD3431A008833C0 /* README.md */,
				C0F6C85F2BD342B0008833C0 /* jyChoiReport */,
				C08CB2702BD3A0B30080F0C5 /* Resource */,
				C0F6C8762BD342B1008833C0 /* jyChoiReportTests */,
				C0F6C8802BD342B1008833C0 /* jyChoiReportUITests */,
				C0F6C85E2BD342B0008833C0 /* Products */,
				C0F6C8942BD34685008833C0 /* Frameworks */,
			);
			sourceTree = "<group>";
		};
		C0F6C85E2BD342B0008833C0 /* Products */ = {
			isa = PBXGroup;
			children = (
				C0F6C85D2BD342B0008833C0 /* jyChoiReport.app */,
				C0F6C8732BD342B1008833C0 /* jyChoiReportTests.xctest */,
				C0F6C87D2BD342B1008833C0 /* jyChoiReportUITests.xctest */,
			);
			name = Products;
			sourceTree = "<group>";
		};
		C0F6C85F2BD342B0008833C0 /* jyChoiReport */ = {
			isa = PBXGroup;
			children = (
				C08CB2712BD3A3BD0080F0C5 /* Scens */,
				C08CB26B2BD396800080F0C5 /* ViewModels */,
				C08CB2682BD396660080F0C5 /* Models */,
				C0F6C8A02BD34E4C008833C0 /* Common */,
				C0F6C89D2BD34AA2008833C0 /* APIs */,
				C0F6C8602BD342B0008833C0 /* AppDelegate.swift */,
				C0F6C8622BD342B0008833C0 /* SceneDelegate.swift */,
				C0F6C86E2BD342B1008833C0 /* Info.plist */,
			);
			path = jyChoiReport;
			sourceTree = "<group>";
		};
		C0F6C8762BD342B1008833C0 /* jyChoiReportTests */ = {
			isa = PBXGroup;
			children = (
				C0F6C8772BD342B1008833C0 /* jyChoiReportTests.swift */,
			);
			path = jyChoiReportTests;
			sourceTree = "<group>";
		};
		C0F6C8802BD342B1008833C0 /* jyChoiReportUITests */ = {
			isa = PBXGroup;
			children = (
				C0F6C8812BD342B1008833C0 /* jyChoiReportUITests.swift */,
				C0F6C8832BD342B1008833C0 /* jyChoiReportUITestsLaunchTests.swift */,
			);
			path = jyChoiReportUITests;
			sourceTree = "<group>";
		};
		C0F6C8942BD34685008833C0 /* Frameworks */ = {
			isa = PBXGroup;
			children = (
			);
			name = Frameworks;
			sourceTree = "<group>";
		};
		C0F6C89D2BD34AA2008833C0 /* APIs */ = {
			isa = PBXGroup;
			children = (
				C0F6C89E2BD34AAC008833C0 /* APIClient.swift */,
				C0F6C8A62BD350B8008833C0 /* NewsAPI.swift */,
				C0F6C8A82BD3517D008833C0 /* CommonParam.swift */,
				C08CB2662BD393060080F0C5 /* NewsApiUrls.swift */,
			);
			path = APIs;
			sourceTree = "<group>";
		};
		C0F6C8A02BD34E4C008833C0 /* Common */ = {
			isa = PBXGroup;
			children = (
				C06916472BD483E4009C16F8 /* UIKitLib */,
				C06916382BD3ABEF009C16F8 /* UIKitExtension */,
				C0F6C8A32BD34EFE008833C0 /* Const */,
			);
			path = Common;
			sourceTree = "<group>";
		};
		C0F6C8A32BD34EFE008833C0 /* Const */ = {
			isa = PBXGroup;
			children = (
				C0F6C8A12BD34E54008833C0 /* CommonConstValue.swift */,
				C0F6C8A42BD34F0B008833C0 /* ApiConstants.swift */,
			);
			path = Const;
			sourceTree = "<group>";
		};
/* End PBXGroup section */

/* Begin PBXNativeTarget section */
		C0F6C85C2BD342B0008833C0 /* jyChoiReport */ = {
			isa = PBXNativeTarget;
			buildConfigurationList = C0F6C8872BD342B1008833C0 /* Build configuration list for PBXNativeTarget "jyChoiReport" */;
			buildPhases = (
				C0F6C8592BD342B0008833C0 /* Sources */,
				C0F6C85A2BD342B0008833C0 /* Frameworks */,
				C0F6C85B2BD342B0008833C0 /* Resources */,
			);
			buildRules = (
			);
			dependencies = (
			);
			name = jyChoiReport;
			packageProductDependencies = (
				C0F6C8952BD34685008833C0 /* RxCocoa */,
				C0F6C8972BD34685008833C0 /* RxSwift */,
				C0F6C8992BD34685008833C0 /* Alamofire */,
				C0F6C89B2BD34685008833C0 /* SnapKit */,
				C01F37A82BD53110002C5B5D /* MyLibrary */,
			);
			productName = jyChoiReport;
			productReference = C0F6C85D2BD342B0008833C0 /* jyChoiReport.app */;
			productType = "com.apple.product-type.application";
		};
		C0F6C8722BD342B1008833C0 /* jyChoiReportTests */ = {
			isa = PBXNativeTarget;
			buildConfigurationList = C0F6C88A2BD342B1008833C0 /* Build configuration list for PBXNativeTarget "jyChoiReportTests" */;
			buildPhases = (
				C0F6C86F2BD342B1008833C0 /* Sources */,
				C0F6C8702BD342B1008833C0 /* Frameworks */,
				C0F6C8712BD342B1008833C0 /* Resources */,
			);
			buildRules = (
			);
			dependencies = (
				C0F6C8752BD342B1008833C0 /* PBXTargetDependency */,
			);
			name = jyChoiReportTests;
			productName = jyChoiReportTests;
			productReference = C0F6C8732BD342B1008833C0 /* jyChoiReportTests.xctest */;
			productType = "com.apple.product-type.bundle.unit-test";
		};
		C0F6C87C2BD342B1008833C0 /* jyChoiReportUITests */ = {
			isa = PBXNativeTarget;
			buildConfigurationList = C0F6C88D2BD342B1008833C0 /* Build configuration list for PBXNativeTarget "jyChoiReportUITests" */;
			buildPhases = (
				C0F6C8792BD342B1008833C0 /* Sources */,
				C0F6C87A2BD342B1008833C0 /* Frameworks */,
				C0F6C87B2BD342B1008833C0 /* Resources */,
			);
			buildRules = (
			);
			dependencies = (
				C0F6C87F2BD342B1008833C0 /* PBXTargetDependency */,
			);
			name = jyChoiReportUITests;
			productName = jyChoiReportUITests;
			productReference = C0F6C87D2BD342B1008833C0 /* jyChoiReportUITests.xctest */;
			productType = "com.apple.product-type.bundle.ui-testing";
		};
/* End PBXNativeTarget section */

/* Begin PBXProject section */
		C0F6C8552BD342B0008833C0 /* Project object */ = {
			isa = PBXProject;
			attributes = {
				BuildIndependentTargetsInParallel = 1;
				LastSwiftUpdateCheck = 1530;
				LastUpgradeCheck = 1530;
				TargetAttributes = {
					C0F6C85C2BD342B0008833C0 = {
						CreatedOnToolsVersion = 15.3;
						LastSwiftMigration = 1530;
					};
					C0F6C8722BD342B1008833C0 = {
						CreatedOnToolsVersion = 15.3;
						TestTargetID = C0F6C85C2BD342B0008833C0;
					};
					C0F6C87C2BD342B1008833C0 = {
						CreatedOnToolsVersion = 15.3;
						TestTargetID = C0F6C85C2BD342B0008833C0;
					};
				};
			};
			buildConfigurationList = C0F6C8582BD342B0008833C0 /* Build configuration list for PBXProject "jyChoiReport" */;
			compatibilityVersion = "Xcode 14.0";
			developmentRegion = en;
			hasScannedForEncodings = 0;
			knownRegions = (
				en,
				Base,
			);
			mainGroup = C0F6C8542BD342B0008833C0;
			packageReferences = (
				C0F6C8912BD34657008833C0 /* XCRemoteSwiftPackageReference "RxSwift" */,
				C0F6C8922BD3466A008833C0 /* XCRemoteSwiftPackageReference "Alamofire" */,
				C0F6C8932BD34678008833C0 /* XCRemoteSwiftPackageReference "SnapKit" */,
				C01F37A72BD5310A002C5B5D /* XCRemoteSwiftPackageReference "CommonLibrary" */,
			);
			productRefGroup = C0F6C85E2BD342B0008833C0 /* Products */;
			projectDirPath = "";
			projectRoot = "";
			targets = (
				C0F6C85C2BD342B0008833C0 /* jyChoiReport */,
				C0F6C8722BD342B1008833C0 /* jyChoiReportTests */,
				C0F6C87C2BD342B1008833C0 /* jyChoiReportUITests */,
			);
		};
/* End PBXProject section */

/* Begin PBXResourcesBuildPhase section */
		C0F6C85B2BD342B0008833C0 /* Resources */ = {
			isa = PBXResourcesBuildPhase;
			buildActionMask = 2147483647;
			files = (
				C0F6C86A2BD342B1008833C0 /* Assets.xcassets in Resources */,
				C0F6C86D2BD342B1008833C0 /* Base in Resources */,
				C0F6C8682BD342B0008833C0 /* Base in Resources */,
			);
			runOnlyForDeploymentPostprocessing = 0;
		};
		C0F6C8712BD342B1008833C0 /* Resources */ = {
			isa = PBXResourcesBuildPhase;
			buildActionMask = 2147483647;
			files = (
			);
			runOnlyForDeploymentPostprocessing = 0;
		};
		C0F6C87B2BD342B1008833C0 /* Resources */ = {
			isa = PBXResourcesBuildPhase;
			buildActionMask = 2147483647;
			files = (
			);
			runOnlyForDeploymentPostprocessing = 0;
		};
/* End PBXResourcesBuildPhase section */

/* Begin PBXSourcesBuildPhase section */
		C0F6C8592BD342B0008833C0 /* Sources */ = {
			isa = PBXSourcesBuildPhase;
			buildActionMask = 2147483647;
			files = (
				C06916542BD4E77E009C16F8 /* DetailNewsViewController.m in Sources */,
				C0F6C8652BD342B0008833C0 /* ViewController.swift in Sources */,
				C06916492BD483F6009C16F8 /* ColumnFlowLayout.swift in Sources */,
				C0F6C8612BD342B0008833C0 /* AppDelegate.swift in Sources */,
				C08CB2672BD393060080F0C5 /* NewsApiUrls.swift in Sources */,
				C0F6C8A52BD34F0B008833C0 /* ApiConstants.swift in Sources */,
				C08CB26A2BD396730080F0C5 /* NewsModel.swift in Sources */,
				C0AACC662BF3A21E00CB9BA0 /* AppLocalData.xcdatamodeld in Sources */,
				C069164B2BD494EB009C16F8 /* CustomWKWebView.swift in Sources */,
				C06916572BD51695009C16F8 /* _DetailNewsViewController.swift in Sources */,
				C0F6C8632BD342B0008833C0 /* SceneDelegate.swift in Sources */,
				C08CB26F2BD396A30080F0C5 /* NewsViewModel.swift in Sources */,
				C0F6C8A22BD34E54008833C0 /* CommonConstValue.swift in Sources */,
				C0F6C8A72BD350B8008833C0 /* NewsAPI.swift in Sources */,
				C06916372BD3AAA8009C16F8 /* ArticleElementCell.swift in Sources */,
				C0F6C8A92BD3517D008833C0 /* CommonParam.swift in Sources */,
				C069163A2BD3AC00009C16F8 /* UIImageViewExtension.swift in Sources */,
				C06916432BD47BE4009C16F8 /* MoveApp+CoreDataClass.swift in Sources */,
				C06916442BD47BE4009C16F8 /* MoveApp+CoreDataProperties.swift in Sources */,
				C0F6C89F2BD34AAC008833C0 /* APIClient.swift in Sources */,
			);
			runOnlyForDeploymentPostprocessing = 0;
		};
		C0F6C86F2BD342B1008833C0 /* Sources */ = {
			isa = PBXSourcesBuildPhase;
			buildActionMask = 2147483647;
			files = (
				C0F6C8782BD342B1008833C0 /* jyChoiReportTests.swift in Sources */,
			);
			runOnlyForDeploymentPostprocessing = 0;
		};
		C0F6C8792BD342B1008833C0 /* Sources */ = {
			isa = PBXSourcesBuildPhase;
			buildActionMask = 2147483647;
			files = (
				C0F6C8842BD342B1008833C0 /* jyChoiReportUITestsLaunchTests.swift in Sources */,
				C0F6C8822BD342B1008833C0 /* jyChoiReportUITests.swift in Sources */,
			);
			runOnlyForDeploymentPostprocessing = 0;
		};
/* End PBXSourcesBuildPhase section */

/* Begin PBXTargetDependency section */
		C0F6C8752BD342B1008833C0 /* PBXTargetDependency */ = {
			isa = PBXTargetDependency;
			target = C0F6C85C2BD342B0008833C0 /* jyChoiReport */;
			targetProxy = C0F6C8742BD342B1008833C0 /* PBXContainerItemProxy */;
		};
		C0F6C87F2BD342B1008833C0 /* PBXTargetDependency */ = {
			isa = PBXTargetDependency;
			target = C0F6C85C2BD342B0008833C0 /* jyChoiReport */;
			targetProxy = C0F6C87E2BD342B1008833C0 /* PBXContainerItemProxy */;
		};
/* End PBXTargetDependency section */

/* Begin PBXVariantGroup section */
		C0F6C8662BD342B0008833C0 /* Main.storyboard */ = {
			isa = PBXVariantGroup;
			children = (
				C0F6C8672BD342B0008833C0 /* Base */,
			);
			name = Main.storyboard;
			sourceTree = "<group>";
		};
		C0F6C86B2BD342B1008833C0 /* LaunchScreen.storyboard */ = {
			isa = PBXVariantGroup;
			children = (
				C0F6C86C2BD342B1008833C0 /* Base */,
			);
			name = LaunchScreen.storyboard;
			sourceTree = "<group>";
		};
/* End PBXVariantGroup section */

/* Begin XCBuildConfiguration section */
		C0F6C8852BD342B1008833C0 /* Debug */ = {
			isa = XCBuildConfiguration;
			buildSettings = {
				ALWAYS_SEARCH_USER_PATHS = NO;
				ASSETCATALOG_COMPILER_GENERATE_SWIFT_ASSET_SYMBOL_EXTENSIONS = YES;
				CLANG_ANALYZER_NONNULL = YES;
				CLANG_ANALYZER_NUMBER_OBJECT_CONVERSION = YES_AGGRESSIVE;
				CLANG_CXX_LANGUAGE_STANDARD = "gnu++20";
				CLANG_ENABLE_MODULES = YES;
				CLANG_ENABLE_OBJC_ARC = YES;
				CLANG_ENABLE_OBJC_WEAK = YES;
				CLANG_WARN_BLOCK_CAPTURE_AUTORELEASING = YES;
				CLANG_WARN_BOOL_CONVERSION = YES;
				CLANG_WARN_COMMA = YES;
				CLANG_WARN_CONSTANT_CONVERSION = YES;
				CLANG_WARN_DEPRECATED_OBJC_IMPLEMENTATIONS = YES;
				CLANG_WARN_DIRECT_OBJC_ISA_USAGE = YES_ERROR;
				CLANG_WARN_DOCUMENTATION_COMMENTS = YES;
				CLANG_WARN_EMPTY_BODY = YES;
				CLANG_WARN_ENUM_CONVERSION = YES;
				CLANG_WARN_INFINITE_RECURSION = YES;
				CLANG_WARN_INT_CONVERSION = YES;
				CLANG_WARN_NON_LITERAL_NULL_CONVERSION = YES;
				CLANG_WARN_OBJC_IMPLICIT_RETAIN_SELF = YES;
				CLANG_WARN_OBJC_LITERAL_CONVERSION = YES;
				CLANG_WARN_OBJC_ROOT_CLASS = YES_ERROR;
				CLANG_WARN_QUOTED_INCLUDE_IN_FRAMEWORK_HEADER = YES;
				CLANG_WARN_RANGE_LOOP_ANALYSIS = YES;
				CLANG_WARN_STRICT_PROTOTYPES = YES;
				CLANG_WARN_SUSPICIOUS_MOVE = YES;
				CLANG_WARN_UNGUARDED_AVAILABILITY = YES_AGGRESSIVE;
				CLANG_WARN_UNREACHABLE_CODE = YES;
				CLANG_WARN__DUPLICATE_METHOD_MATCH = YES;
				COPY_PHASE_STRIP = NO;
				DEBUG_INFORMATION_FORMAT = dwarf;
				ENABLE_STRICT_OBJC_MSGSEND = YES;
				ENABLE_TESTABILITY = YES;
				ENABLE_USER_SCRIPT_SANDBOXING = YES;
				GCC_C_LANGUAGE_STANDARD = gnu17;
				GCC_DYNAMIC_NO_PIC = NO;
				GCC_NO_COMMON_BLOCKS = YES;
				GCC_OPTIMIZATION_LEVEL = 0;
				GCC_PREPROCESSOR_DEFINITIONS = (
					"DEBUG=1",
					"$(inherited)",
				);
				GCC_WARN_64_TO_32_BIT_CONVERSION = YES;
				GCC_WARN_ABOUT_RETURN_TYPE = YES_ERROR;
				GCC_WARN_UNDECLARED_SELECTOR = YES;
				GCC_WARN_UNINITIALIZED_AUTOS = YES_AGGRESSIVE;
				GCC_WARN_UNUSED_FUNCTION = YES;
				GCC_WARN_UNUSED_VARIABLE = YES;
				IPHONEOS_DEPLOYMENT_TARGET = 17.4;
				LOCALIZATION_PREFERS_STRING_CATALOGS = YES;
				MTL_ENABLE_DEBUG_INFO = INCLUDE_SOURCE;
				MTL_FAST_MATH = YES;
				ONLY_ACTIVE_ARCH = YES;
				SDKROOT = iphoneos;
				SWIFT_ACTIVE_COMPILATION_CONDITIONS = "DEBUG $(inherited)";
				SWIFT_OPTIMIZATION_LEVEL = "-Onone";
			};
			name = Debug;
		};
		C0F6C8862BD342B1008833C0 /* Release */ = {
			isa = XCBuildConfiguration;
			buildSettings = {
				ALWAYS_SEARCH_USER_PATHS = NO;
				ASSETCATALOG_COMPILER_GENERATE_SWIFT_ASSET_SYMBOL_EXTENSIONS = YES;
				CLANG_ANALYZER_NONNULL = YES;
				CLANG_ANALYZER_NUMBER_OBJECT_CONVERSION = YES_AGGRESSIVE;
				CLANG_CXX_LANGUAGE_STANDARD = "gnu++20";
				CLANG_ENABLE_MODULES = YES;
				CLANG_ENABLE_OBJC_ARC = YES;
				CLANG_ENABLE_OBJC_WEAK = YES;
				CLANG_WARN_BLOCK_CAPTURE_AUTORELEASING = YES;
				CLANG_WARN_BOOL_CONVERSION = YES;
				CLANG_WARN_COMMA = YES;
				CLANG_WARN_CONSTANT_CONVERSION = YES;
				CLANG_WARN_DEPRECATED_OBJC_IMPLEMENTATIONS = YES;
				CLANG_WARN_DIRECT_OBJC_ISA_USAGE = YES_ERROR;
				CLANG_WARN_DOCUMENTATION_COMMENTS = YES;
				CLANG_WARN_EMPTY_BODY = YES;
				CLANG_WARN_ENUM_CONVERSION = YES;
				CLANG_WARN_INFINITE_RECURSION = YES;
				CLANG_WARN_INT_CONVERSION = YES;
				CLANG_WARN_NON_LITERAL_NULL_CONVERSION = YES;
				CLANG_WARN_OBJC_IMPLICIT_RETAIN_SELF = YES;
				CLANG_WARN_OBJC_LITERAL_CONVERSION = YES;
				CLANG_WARN_OBJC_ROOT_CLASS = YES_ERROR;
				CLANG_WARN_QUOTED_INCLUDE_IN_FRAMEWORK_HEADER = YES;
				CLANG_WARN_RANGE_LOOP_ANALYSIS = YES;
				CLANG_WARN_STRICT_PROTOTYPES = YES;
				CLANG_WARN_SUSPICIOUS_MOVE = YES;
				CLANG_WARN_UNGUARDED_AVAILABILITY = YES_AGGRESSIVE;
				CLANG_WARN_UNREACHABLE_CODE = YES;
				CLANG_WARN__DUPLICATE_METHOD_MATCH = YES;
				COPY_PHASE_STRIP = NO;
				DEBUG_INFORMATION_FORMAT = "dwarf-with-dsym";
				ENABLE_NS_ASSERTIONS = NO;
				ENABLE_STRICT_OBJC_MSGSEND = YES;
				ENABLE_USER_SCRIPT_SANDBOXING = YES;
				GCC_C_LANGUAGE_STANDARD = gnu17;
				GCC_NO_COMMON_BLOCKS = YES;
				GCC_WARN_64_TO_32_BIT_CONVERSION = YES;
				GCC_WARN_ABOUT_RETURN_TYPE = YES_ERROR;
				GCC_WARN_UNDECLARED_SELECTOR = YES;
				GCC_WARN_UNINITIALIZED_AUTOS = YES_AGGRESSIVE;
				GCC_WARN_UNUSED_FUNCTION = YES;
				GCC_WARN_UNUSED_VARIABLE = YES;
				IPHONEOS_DEPLOYMENT_TARGET = 17.4;
				LOCALIZATION_PREFERS_STRING_CATALOGS = YES;
				MTL_ENABLE_DEBUG_INFO = NO;
				MTL_FAST_MATH = YES;
				SDKROOT = iphoneos;
				SWIFT_COMPILATION_MODE = wholemodule;
				VALIDATE_PRODUCT = YES;
			};
			name = Release;
		};
		C0F6C8882BD342B1008833C0 /* Debug */ = {
			isa = XCBuildConfiguration;
			buildSettings = {
				ASSETCATALOG_COMPILER_APPICON_NAME = AppIcon;
				ASSETCATALOG_COMPILER_GLOBAL_ACCENT_COLOR_NAME = AccentColor;
				CLANG_ENABLE_MODULES = YES;
				CODE_SIGN_STYLE = Automatic;
				CURRENT_PROJECT_VERSION = 1;
				DEFINES_MODULE = YES;
				GENERATE_INFOPLIST_FILE = YES;
				INFOPLIST_FILE = jyChoiReport/Info.plist;
				INFOPLIST_KEY_UIApplicationSupportsIndirectInputEvents = YES;
				INFOPLIST_KEY_UILaunchStoryboardName = LaunchScreen;
				INFOPLIST_KEY_UIMainStoryboardFile = Main;
				INFOPLIST_KEY_UISupportedInterfaceOrientations = "UIInterfaceOrientationLandscapeLeft UIInterfaceOrientationLandscapeRight UIInterfaceOrientationPortrait UIInterfaceOrientationPortraitUpsideDown";
				IPHONEOS_DEPLOYMENT_TARGET = 15.0;
				LD_RUNPATH_SEARCH_PATHS = (
					"$(inherited)",
					"@executable_path/Frameworks",
				);
				MARKETING_VERSION = 1.0.0;
				PRODUCT_BUNDLE_IDENTIFIER = com.milliesLibrary.jyChoiReport;
				PRODUCT_NAME = "$(TARGET_NAME)";
				SWIFT_EMIT_LOC_STRINGS = YES;
				SWIFT_OBJC_BRIDGING_HEADER = "jyChoiReport/Scens/DetailNews/jyChoiReport-Bridging-Header.h";
				SWIFT_OPTIMIZATION_LEVEL = "-Onone";
				SWIFT_VERSION = 5.0;
				TARGETED_DEVICE_FAMILY = "1,2";
			};
			name = Debug;
		};
		C0F6C8892BD342B1008833C0 /* Release */ = {
			isa = XCBuildConfiguration;
			buildSettings = {
				ASSETCATALOG_COMPILER_APPICON_NAME = AppIcon;
				ASSETCATALOG_COMPILER_GLOBAL_ACCENT_COLOR_NAME = AccentColor;
				CLANG_ENABLE_MODULES = YES;
				CODE_SIGN_STYLE = Automatic;
				CURRENT_PROJECT_VERSION = 1;
				DEFINES_MODULE = YES;
				GENERATE_INFOPLIST_FILE = YES;
				INFOPLIST_FILE = jyChoiReport/Info.plist;
				INFOPLIST_KEY_UIApplicationSupportsIndirectInputEvents = YES;
				INFOPLIST_KEY_UILaunchStoryboardName = LaunchScreen;
				INFOPLIST_KEY_UIMainStoryboardFile = Main;
				INFOPLIST_KEY_UISupportedInterfaceOrientations = "UIInterfaceOrientationLandscapeLeft UIInterfaceOrientationLandscapeRight UIInterfaceOrientationPortrait UIInterfaceOrientationPortraitUpsideDown";
				IPHONEOS_DEPLOYMENT_TARGET = 15.0;
				LD_RUNPATH_SEARCH_PATHS = (
					"$(inherited)",
					"@executable_path/Frameworks",
				);
				MARKETING_VERSION = 1.0.0;
				PRODUCT_BUNDLE_IDENTIFIER = com.milliesLibrary.jyChoiReport;
				PRODUCT_NAME = "$(TARGET_NAME)";
				SWIFT_EMIT_LOC_STRINGS = YES;
				SWIFT_OBJC_BRIDGING_HEADER = "jyChoiReport/Scens/DetailNews/jyChoiReport-Bridging-Header.h";
				SWIFT_VERSION = 5.0;
				TARGETED_DEVICE_FAMILY = "1,2";
			};
			name = Release;
		};
		C0F6C88B2BD342B1008833C0 /* Debug */ = {
			isa = XCBuildConfiguration;
			buildSettings = {
				ALWAYS_EMBED_SWIFT_STANDARD_LIBRARIES = YES;
				BUNDLE_LOADER = "$(TEST_HOST)";
				CODE_SIGN_STYLE = Automatic;
				CURRENT_PROJECT_VERSION = 1;
				GENERATE_INFOPLIST_FILE = YES;
				IPHONEOS_DEPLOYMENT_TARGET = 17.4;
				MARKETING_VERSION = 1.0;
				PRODUCT_BUNDLE_IDENTIFIER = com.milliesLibrary.jyChoiReportTests;
				PRODUCT_NAME = "$(TARGET_NAME)";
				SWIFT_EMIT_LOC_STRINGS = NO;
				SWIFT_VERSION = 5.0;
				TARGETED_DEVICE_FAMILY = "1,2";
				TEST_HOST = "$(BUILT_PRODUCTS_DIR)/jyChoiReport.app/$(BUNDLE_EXECUTABLE_FOLDER_PATH)/jyChoiReport";
			};
			name = Debug;
		};
		C0F6C88C2BD342B1008833C0 /* Release */ = {
			isa = XCBuildConfiguration;
			buildSettings = {
				ALWAYS_EMBED_SWIFT_STANDARD_LIBRARIES = YES;
				BUNDLE_LOADER = "$(TEST_HOST)";
				CODE_SIGN_STYLE = Automatic;
				CURRENT_PROJECT_VERSION = 1;
				GENERATE_INFOPLIST_FILE = YES;
				IPHONEOS_DEPLOYMENT_TARGET = 17.4;
				MARKETING_VERSION = 1.0;
				PRODUCT_BUNDLE_IDENTIFIER = com.milliesLibrary.jyChoiReportTests;
				PRODUCT_NAME = "$(TARGET_NAME)";
				SWIFT_EMIT_LOC_STRINGS = NO;
				SWIFT_VERSION = 5.0;
				TARGETED_DEVICE_FAMILY = "1,2";
				TEST_HOST = "$(BUILT_PRODUCTS_DIR)/jyChoiReport.app/$(BUNDLE_EXECUTABLE_FOLDER_PATH)/jyChoiReport";
			};
			name = Release;
		};
		C0F6C88E2BD342B1008833C0 /* Debug */ = {
			isa = XCBuildConfiguration;
			buildSettings = {
				ALWAYS_EMBED_SWIFT_STANDARD_LIBRARIES = YES;
				CODE_SIGN_STYLE = Automatic;
				CURRENT_PROJECT_VERSION = 1;
				GENERATE_INFOPLIST_FILE = YES;
				MARKETING_VERSION = 1.0;
				PRODUCT_BUNDLE_IDENTIFIER = com.milliesLibrary.jyChoiReportUITests;
				PRODUCT_NAME = "$(TARGET_NAME)";
				SWIFT_EMIT_LOC_STRINGS = NO;
				SWIFT_VERSION = 5.0;
				TARGETED_DEVICE_FAMILY = "1,2";
				TEST_TARGET_NAME = jyChoiReport;
			};
			name = Debug;
		};
		C0F6C88F2BD342B1008833C0 /* Release */ = {
			isa = XCBuildConfiguration;
			buildSettings = {
				ALWAYS_EMBED_SWIFT_STANDARD_LIBRARIES = YES;
				CODE_SIGN_STYLE = Automatic;
				CURRENT_PROJECT_VERSION = 1;
				GENERATE_INFOPLIST_FILE = YES;
				MARKETING_VERSION = 1.0;
				PRODUCT_BUNDLE_IDENTIFIER = com.milliesLibrary.jyChoiReportUITests;
				PRODUCT_NAME = "$(TARGET_NAME)";
				SWIFT_EMIT_LOC_STRINGS = NO;
				SWIFT_VERSION = 5.0;
				TARGETED_DEVICE_FAMILY = "1,2";
				TEST_TARGET_NAME = jyChoiReport;
			};
			name = Release;
		};
/* End XCBuildConfiguration section */

/* Begin XCConfigurationList section */
		C0F6C8582BD342B0008833C0 /* Build configuration list for PBXProject "jyChoiReport" */ = {
			isa = XCConfigurationList;
			buildConfigurations = (
				C0F6C8852BD342B1008833C0 /* Debug */,
				C0F6C8862BD342B1008833C0 /* Release */,
			);
			defaultConfigurationIsVisible = 0;
			defaultConfigurationName = Release;
		};
		C0F6C8872BD342B1008833C0 /* Build configuration list for PBXNativeTarget "jyChoiReport" */ = {
			isa = XCConfigurationList;
			buildConfigurations = (
				C0F6C8882BD342B1008833C0 /* Debug */,
				C0F6C8892BD342B1008833C0 /* Release */,
			);
			defaultConfigurationIsVisible = 0;
			defaultConfigurationName = Release;
		};
		C0F6C88A2BD342B1008833C0 /* Build configuration list for PBXNativeTarget "jyChoiReportTests" */ = {
			isa = XCConfigurationList;
			buildConfigurations = (
				C0F6C88B2BD342B1008833C0 /* Debug */,
				C0F6C88C2BD342B1008833C0 /* Release */,
			);
			defaultConfigurationIsVisible = 0;
			defaultConfigurationName = Release;
		};
		C0F6C88D2BD342B1008833C0 /* Build configuration list for PBXNativeTarget "jyChoiReportUITests" */ = {
			isa = XCConfigurationList;
			buildConfigurations = (
				C0F6C88E2BD342B1008833C0 /* Debug */,
				C0F6C88F2BD342B1008833C0 /* Release */,
			);
			defaultConfigurationIsVisible = 0;
			defaultConfigurationName = Release;
		};
/* End XCConfigurationList section */

/* Begin XCRemoteSwiftPackageReference section */
		C01F37A72BD5310A002C5B5D /* XCRemoteSwiftPackageReference "CommonLibrary" */ = {
			isa = XCRemoteSwiftPackageReference;
			repositoryURL = "https://github.com/keydisk/CommonLibrary";
			requirement = {
				branch = master;
				kind = branch;
			};
		};
		C0F6C8912BD34657008833C0 /* XCRemoteSwiftPackageReference "RxSwift" */ = {
			isa = XCRemoteSwiftPackageReference;
			repositoryURL = "https://github.com/ReactiveX/RxSwift";
			requirement = {
				kind = upToNextMajorVersion;
				minimumVersion = 6.6.0;
			};
		};
		C0F6C8922BD3466A008833C0 /* XCRemoteSwiftPackageReference "Alamofire" */ = {
			isa = XCRemoteSwiftPackageReference;
			repositoryURL = "https://github.com/Alamofire/Alamofire";
			requirement = {
				kind = upToNextMajorVersion;
				minimumVersion = 5.9.1;
			};
		};
		C0F6C8932BD34678008833C0 /* XCRemoteSwiftPackageReference "SnapKit" */ = {
			isa = XCRemoteSwiftPackageReference;
			repositoryURL = "https://github.com/SnapKit/SnapKit";
			requirement = {
				kind = upToNextMajorVersion;
				minimumVersion = 5.7.1;
			};
		};
/* End XCRemoteSwiftPackageReference section */

/* Begin XCSwiftPackageProductDependency section */
		C01F37A82BD53110002C5B5D /* MyLibrary */ = {
			isa = XCSwiftPackageProductDependency;
			package = C01F37A72BD5310A002C5B5D /* XCRemoteSwiftPackageReference "CommonLibrary" */;
			productName = MyLibrary;
		};
		C0F6C8952BD34685008833C0 /* RxCocoa */ = {
			isa = XCSwiftPackageProductDependency;
			package = C0F6C8912BD34657008833C0 /* XCRemoteSwiftPackageReference "RxSwift" */;
			productName = RxCocoa;
		};
		C0F6C8972BD34685008833C0 /* RxSwift */ = {
			isa = XCSwiftPackageProductDependency;
			package = C0F6C8912BD34657008833C0 /* XCRemoteSwiftPackageReference "RxSwift" */;
			productName = RxSwift;
		};
		C0F6C8992BD34685008833C0 /* Alamofire */ = {
			isa = XCSwiftPackageProductDependency;
			package = C0F6C8922BD3466A008833C0 /* XCRemoteSwiftPackageReference "Alamofire" */;
			productName = Alamofire;
		};
		C0F6C89B2BD34685008833C0 /* SnapKit */ = {
			isa = XCSwiftPackageProductDependency;
			package = C0F6C8932BD34678008833C0 /* XCRemoteSwiftPackageReference "SnapKit" */;
			productName = SnapKit;
		};
/* End XCSwiftPackageProductDependency section */

/* Begin XCVersionGroup section */
		C0AACC642BF3A21E00CB9BA0 /* AppLocalData.xcdatamodeld */ = {
			isa = XCVersionGroup;
			children = (
				C0AACC652BF3A21E00CB9BA0 /* AppLocalData.xcdatamodel */,
			);
			currentVersion = C0AACC652BF3A21E00CB9BA0 /* AppLocalData.xcdatamodel */;
			name = AppLocalData.xcdatamodeld;
			path = /Users/juyoungchoi/Projects/Test/jyChoiReport/jyChoiReport/Models/AppLocalData.xcdatamodeld;
			sourceTree = "<group>";
			versionGroupType = wrapper.xcdatamodel;
		};
/* End XCVersionGroup section */
	};
	rootObject = C0F6C8552BD342B0008833C0 /* Project object */;
}
